{
  "nodes": {
    "flake-utils": {
      "inputs": {
        "systems": "systems"
      },
      "locked": {
        "lastModified": 1694529238,
        "narHash": "sha256-zsNZZGTGnMOf9YpHKJqMSsa0dXbfmxeoJ7xHlrt+xmY=",
        "owner": "numtide",
        "repo": "flake-utils",
        "rev": "ff7b65b44d01cf9ba6a71320833626af21126384",
        "type": "github"
      },
      "original": {
        "owner": "numtide",
        "repo": "flake-utils",
        "type": "github"
      }
    },
    "gomod2nix": {
      "inputs": {
        "flake-utils": "flake-utils",
        "nixpkgs": "nixpkgs"
      },
      "locked": {
        "lastModified": 1699950847,
        "narHash": "sha256-xN/yVtqHb7kimHA/WvQFrEG5WS38t0K+A/W+j/WhQWM=",
        "owner": "nix-community",
        "repo": "gomod2nix",
        "rev": "05c993c9a5bd55a629cd45ed49951557b7e9c61a",
        "type": "github"
      },
      "original": {
        "owner": "nix-community",
        "repo": "gomod2nix",
        "type": "github"
      }
    },
    "hm": {
      "inputs": {
        "nixpkgs": [
          "nixpkgs"
        ]
      },
      "locked": {
        "lastModified": 1701040754,
        "narHash": "sha256-rHld3E3CeVI/GUxH3xE+mqAo+IX2hTbXVfXKahCrG5I=",
        "owner": "nix-community",
        "repo": "home-manager",
        "rev": "7c97c46dc4f45f2a78df536a6ebe15252831b800",
        "type": "github"
      },
      "original": {
        "owner": "nix-community",
        "ref": "master",
        "repo": "home-manager",
        "type": "github"
      }
    },
    "master": {
      "locked": {
        "lastModified": 1701054083,
        "narHash": "sha256-gE6USSQJ52eJWwJd81zyPl5xMzculUKzt8YdTO96RQ8=",
        "owner": "NixOS",
        "repo": "nixpkgs",
        "rev": "f43ae9ce53ae527d619ade458985d97a54079059",
        "type": "github"
      },
      "original": {
        "owner": "NixOS",
        "ref": "master",
        "repo": "nixpkgs",
        "type": "github"
      }
    },
    "mpdrp": {
      "inputs": {
        "gomod2nix": "gomod2nix",
        "nixpkgs": [
          "nixpkgs"
        ]
      },
      "locked": {
        "lastModified": 1701046141,
        "narHash": "sha256-SQoQjtKB38S0qK6x3KigcxbDbeC+bCgvhLxOWUrHtUU=",
        "owner": "itslychee",
        "repo": "mpdrp",
        "rev": "85210878a7921f095b29f1bbb8b57aa685cee559",
        "type": "github"
      },
      "original": {
        "owner": "itslychee",
        "ref": "rewrite",
        "repo": "mpdrp",
        "type": "github"
      }
    },
    "nixpkgs": {
      "locked": {
        "lastModified": 1658285632,
        "narHash": "sha256-zRS5S/hoeDGUbO+L95wXG9vJNwsSYcl93XiD0HQBXLk=",
        "owner": "NixOS",
        "repo": "nixpkgs",
        "rev": "5342fc6fb59d0595d26883c3cadff16ce58e44f3",
        "type": "github"
      },
      "original": {
        "owner": "NixOS",
        "ref": "master",
        "repo": "nixpkgs",
        "type": "github"
      }
    },
    "nixpkgs_2": {
      "locked": {
        "lastModified": 1700794826,
        "narHash": "sha256-RyJTnTNKhO0yqRpDISk03I/4A67/dp96YRxc86YOPgU=",
        "owner": "NixOS",
        "repo": "nixpkgs",
        "rev": "5a09cb4b393d58f9ed0d9ca1555016a8543c2ac8",
        "type": "github"
      },
      "original": {
        "owner": "NixOS",
        "ref": "nixos-unstable",
        "repo": "nixpkgs",
        "type": "github"
      }
    },
    "root": {
      "inputs": {
        "hm": "hm",
        "master": "master",
        "mpdrp": "mpdrp",
        "nixpkgs": "nixpkgs_2"
      }
    },
    "systems": {
      "locked": {
        "lastModified": 1681028828,
        "narHash": "sha256-Vy1rq5AaRuLzOxct8nz4T6wlgyUR7zLU309k9mBC768=",
        "owner": "nix-systems",
        "repo": "default",
        "rev": "da67096a3b9bf56a91d16901293e51ba5b49a27e",
        "type": "github"
      },
      "original": {
        "owner": "nix-systems",
        "repo": "default",
        "type": "github"
      }
    }
  },
  "root": "root",
  "version": 7
}
