{
  "nodes": {
    "flake-compat": {
      "flake": false,
      "locked": {
        "lastModified": 1650374568,
        "narHash": "sha256-Z+s0J8/r907g149rllvwhb4pKi8Wam5ij0st8PwAh+E=",
        "owner": "edolstra",
        "repo": "flake-compat",
        "rev": "b4a34015c698c7793d592d66adbab377907a2be8",
        "type": "github"
      },
      "original": {
        "owner": "edolstra",
        "repo": "flake-compat",
        "type": "github"
      }
    },
    "flake-utils": {
      "locked": {
        "lastModified": 1667395993,
        "narHash": "sha256-nuEHfE/LcWyuSWnS8t12N1wc105Qtau+/OdUAjtQ0rA=",
        "owner": "numtide",
        "repo": "flake-utils",
        "rev": "5aed5285a952e0b949eb3ba02c12fa4fcfef535f",
        "type": "github"
      },
      "original": {
        "owner": "numtide",
        "repo": "flake-utils",
        "type": "github"
      }
    },
    "home-manager": {
      "inputs": {
        "nixpkgs": [
          "nixpkgs"
        ],
        "utils": "utils"
      },
      "locked": {
        "lastModified": 1669724862,
        "narHash": "sha256-GwLonjmyhnTGQRNfKcUCgMSKYj49ZehjjJulaM/yH18=",
        "owner": "nix-community",
        "repo": "home-manager",
        "rev": "e891b060e7d11bb8f7dedb86a41d804891a6f5a9",
        "type": "github"
      },
      "original": {
        "owner": "nix-community",
        "ref": "release-22.11",
        "repo": "home-manager",
        "type": "github"
      }
    },
    "libnbtplusplus": {
      "flake": false,
      "locked": {
        "lastModified": 1650031308,
        "narHash": "sha256-TvVOjkUobYJD9itQYueELJX3wmecvEdCbJ0FinW2mL4=",
        "owner": "PrismLauncher",
        "repo": "libnbtplusplus",
        "rev": "2203af7eeb48c45398139b583615134efd8d407f",
        "type": "github"
      },
      "original": {
        "owner": "PrismLauncher",
        "repo": "libnbtplusplus",
        "type": "github"
      }
    },
    "nix-alien": {
      "inputs": {
        "flake-utils": "flake-utils",
        "nixpkgs": "nixpkgs"
      },
      "locked": {
        "lastModified": 1668504894,
        "narHash": "sha256-Q/URqJtTONNEoVfat+UMZq8rl7MvMwLEKF1uPFQm/cs=",
        "owner": "thiagokokada",
        "repo": "nix-alien",
        "rev": "ec6dabeaddecab75794bfa1070989371b2636b70",
        "type": "github"
      },
      "original": {
        "owner": "thiagokokada",
        "repo": "nix-alien",
        "type": "github"
      }
    },
    "nix-ld": {
      "inputs": {
        "nixpkgs": "nixpkgs_2",
        "utils": "utils_2"
      },
      "locked": {
        "lastModified": 1668423731,
        "narHash": "sha256-WHizQHtkMGWdsmbZmtYxJ0xlg97FLy4Ft/4XAoHCRH0=",
        "owner": "Mic92",
        "repo": "nix-ld",
        "rev": "7d251c0c5adf6b9b003499243be257d0f130b3d6",
        "type": "github"
      },
      "original": {
        "owner": "Mic92",
        "ref": "main",
        "repo": "nix-ld",
        "type": "github"
      }
    },
    "nixpkgs": {
      "locked": {
        "lastModified": 1668443372,
        "narHash": "sha256-lXNlVyNWwO22/JUdBtUWz68jZB3DM+Jq/irlsbwncI0=",
        "owner": "NixOS",
        "repo": "nixpkgs",
        "rev": "dad4de1694cd92d9a0e123bfdf134d0047b836a5",
        "type": "github"
      },
      "original": {
        "owner": "NixOS",
        "ref": "nixpkgs-unstable",
        "repo": "nixpkgs",
        "type": "github"
      }
    },
    "nixpkgs-unstable": {
      "locked": {
        "lastModified": 1669542132,
        "narHash": "sha256-DRlg++NJAwPh8io3ExBJdNW7Djs3plVI5jgYQ+iXAZQ=",
        "owner": "NixOS",
        "repo": "nixpkgs",
        "rev": "a115bb9bd56831941be3776c8a94005867f316a7",
        "type": "github"
      },
      "original": {
        "owner": "NixOS",
        "ref": "nixos-unstable",
        "repo": "nixpkgs",
        "type": "github"
      }
    },
    "nixpkgs_2": {
      "locked": {
        "lastModified": 1668423401,
        "narHash": "sha256-mMkOwAdnP2BEAnOodHdi9WmTgUfLuE57u5oymQJ1bNA=",
        "owner": "NixOS",
        "repo": "nixpkgs",
        "rev": "afb094b15445829ef63a71ed904db187df58c739",
        "type": "github"
      },
      "original": {
        "owner": "NixOS",
        "repo": "nixpkgs",
        "type": "github"
      }
    },
    "nixpkgs_3": {
      "locked": {
        "lastModified": 1669908571,
        "narHash": "sha256-5W41Uv2yuCjMCpBGQZE8LntUI5ikMXIByLrDFkwm9gU=",
        "owner": "NixOS",
        "repo": "nixpkgs",
        "rev": "9da05171c31d59df4afbde3879622907ab1b513a",
        "type": "github"
      },
      "original": {
        "owner": "NixOS",
        "ref": "release-22.11",
        "repo": "nixpkgs",
        "type": "github"
      }
    },
    "nixpkgs_4": {
      "locked": {
        "lastModified": 1666057921,
        "narHash": "sha256-VpQqtXdj6G7cH//SvoprjR7XT3KS7p+tCVebGK1N6tE=",
        "owner": "nixos",
        "repo": "nixpkgs",
        "rev": "88eab1e431cabd0ed621428d8b40d425a07af39f",
        "type": "github"
      },
      "original": {
        "owner": "nixos",
        "ref": "nixpkgs-unstable",
        "repo": "nixpkgs",
        "type": "github"
      }
    },
    "nur": {
      "locked": {
        "lastModified": 1669694805,
        "narHash": "sha256-cVzxaC/Be6Rl2ajhjIqxXgG3K2BUkImd8TJEQFkslNg=",
        "owner": "nix-community",
        "repo": "NUR",
        "rev": "63b85bbdce6377bc1aaa3b75f38f68b00b6a25f7",
        "type": "github"
      },
      "original": {
        "owner": "nix-community",
        "repo": "NUR",
        "type": "github"
      }
    },
    "pollymc": {
      "inputs": {
        "flake-compat": "flake-compat",
        "libnbtplusplus": "libnbtplusplus",
        "nixpkgs": "nixpkgs_4",
        "tomlplusplus": "tomlplusplus"
      },
      "locked": {
        "lastModified": 1668382138,
        "narHash": "sha256-pGUB9o5te/tPSJVDob6AFqNkRn22odWwpechFLRIJcE=",
        "owner": "fn2006",
        "repo": "PollyMC",
        "rev": "ef713cf414d62585853e91534c2acd12bed6f973",
        "type": "github"
      },
      "original": {
        "owner": "fn2006",
        "repo": "PollyMC",
        "type": "github"
      }
    },
    "root": {
      "inputs": {
        "home-manager": "home-manager",
        "nix-alien": "nix-alien",
        "nix-ld": "nix-ld",
        "nixpkgs": "nixpkgs_3",
        "nixpkgs-unstable": "nixpkgs-unstable",
        "nur": "nur",
        "pollymc": "pollymc"
      }
    },
    "tomlplusplus": {
      "flake": false,
      "locked": {
        "lastModified": 1666091090,
        "narHash": "sha256-djpMCFPvkJcfynV8WnsYdtwLq+J7jpV1iM4C6TojiyM=",
        "owner": "marzer",
        "repo": "tomlplusplus",
        "rev": "1e4a3833d013aee08f58c5b31c69f709afc69f73",
        "type": "github"
      },
      "original": {
        "owner": "marzer",
        "repo": "tomlplusplus",
        "type": "github"
      }
    },
    "utils": {
      "locked": {
        "lastModified": 1667395993,
        "narHash": "sha256-nuEHfE/LcWyuSWnS8t12N1wc105Qtau+/OdUAjtQ0rA=",
        "owner": "numtide",
        "repo": "flake-utils",
        "rev": "5aed5285a952e0b949eb3ba02c12fa4fcfef535f",
        "type": "github"
      },
      "original": {
        "owner": "numtide",
        "repo": "flake-utils",
        "type": "github"
      }
    },
    "utils_2": {
      "locked": {
        "lastModified": 1667395993,
        "narHash": "sha256-nuEHfE/LcWyuSWnS8t12N1wc105Qtau+/OdUAjtQ0rA=",
        "owner": "numtide",
        "repo": "flake-utils",
        "rev": "5aed5285a952e0b949eb3ba02c12fa4fcfef535f",
        "type": "github"
      },
      "original": {
        "owner": "numtide",
        "repo": "flake-utils",
        "type": "github"
      }
    }
  },
  "root": "root",
  "version": 7
}
